// !$*UTF8*$!
{
	archiveVersion = 1;
	classes = {
	};
	objectVersion = 50;
	objects = {

/* Begin PBXBuildFile section */
		8AAC763321E3E2D000737D30 /* AppDelegate.swift in Sources */ = {isa = PBXBuildFile; fileRef = 8AAC763221E3E2D000737D30 /* AppDelegate.swift */; };
		8AAC763521E3E2D000737D30 /* ViewController.swift in Sources */ = {isa = PBXBuildFile; fileRef = 8AAC763421E3E2D000737D30 /* ViewController.swift */; };
		8AAC763821E3E2D000737D30 /* Main.storyboard in Resources */ = {isa = PBXBuildFile; fileRef = 8AAC763621E3E2D000737D30 /* Main.storyboard */; };
		8AAC763A21E3E2D000737D30 /* Assets.xcassets in Resources */ = {isa = PBXBuildFile; fileRef = 8AAC763921E3E2D000737D30 /* Assets.xcassets */; };
		8AAC763D21E3E2D000737D30 /* LaunchScreen.storyboard in Resources */ = {isa = PBXBuildFile; fileRef = 8AAC763B21E3E2D000737D30 /* LaunchScreen.storyboard */; };
		8AAC764821E3E2D000737D30 /* StopwatchTests.swift in Sources */ = {isa = PBXBuildFile; fileRef = 8AAC764721E3E2D000737D30 /* StopwatchTests.swift */; };
		8AAC765321E3E2D000737D30 /* StopwatchUITests.swift in Sources */ = {isa = PBXBuildFile; fileRef = 8AAC765221E3E2D000737D30 /* StopwatchUITests.swift */; };
		8AFD562D21E52E3700854FD2 /* StopwatchModel.swift in Sources */ = {isa = PBXBuildFile; fileRef = 8AFD562C21E52E3700854FD2 /* StopwatchModel.swift */; };
/* End PBXBuildFile section */

/* Begin PBXContainerItemProxy section */
		8AAC764421E3E2D000737D30 /* PBXContainerItemProxy */ = {
			isa = PBXContainerItemProxy;
			containerPortal = 8AAC762721E3E2D000737D30 /* Project object */;
			proxyType = 1;
			remoteGlobalIDString = 8AAC762E21E3E2D000737D30;
			remoteInfo = Stopwatch;
		};
		8AAC764F21E3E2D000737D30 /* PBXContainerItemProxy */ = {
			isa = PBXContainerItemProxy;
			containerPortal = 8AAC762721E3E2D000737D30 /* Project object */;
			proxyType = 1;
			remoteGlobalIDString = 8AAC762E21E3E2D000737D30;
			remoteInfo = Stopwatch;
		};
/* End PBXContainerItemProxy section */

/* Begin PBXFileReference section */
		8AAC762F21E3E2D000737D30 /* Stopwatch.app */ = {isa = PBXFileReference; explicitFileType = wrapper.application; includeInIndex = 0; path = Stopwatch.app; sourceTree = BUILT_PRODUCTS_DIR; };
		8AAC763221E3E2D000737D30 /* AppDelegate.swift */ = {isa = PBXFileReference; lastKnownFileType = sourcecode.swift; path = AppDelegate.swift; sourceTree = "<group>"; };
		8AAC763421E3E2D000737D30 /* ViewController.swift */ = {isa = PBXFileReference; lastKnownFileType = sourcecode.swift; path = ViewController.swift; sourceTree = "<group>"; };
		8AAC763721E3E2D000737D30 /* Base */ = {isa = PBXFileReference; lastKnownFileType = file.storyboard; name = Base; path = Base.lproj/Main.storyboard; sourceTree = "<group>"; };
		8AAC763921E3E2D000737D30 /* Assets.xcassets */ = {isa = PBXFileReference; lastKnownFileType = folder.assetcatalog; path = Assets.xcassets; sourceTree = "<group>"; };
		8AAC763C21E3E2D000737D30 /* Base */ = {isa = PBXFileReference; lastKnownFileType = file.storyboard; name = Base; path = Base.lproj/LaunchScreen.storyboard; sourceTree = "<group>"; };
		8AAC763E21E3E2D000737D30 /* Info.plist */ = {isa = PBXFileReference; lastKnownFileType = text.plist.xml; path = Info.plist; sourceTree = "<group>"; };
		8AAC764321E3E2D000737D30 /* StopwatchTests.xctest */ = {isa = PBXFileReference; explicitFileType = wrapper.cfbundle; includeInIndex = 0; path = StopwatchTests.xctest; sourceTree = BUILT_PRODUCTS_DIR; };
		8AAC764721E3E2D000737D30 /* StopwatchTests.swift */ = {isa = PBXFileReference; lastKnownFileType = sourcecode.swift; path = StopwatchTests.swift; sourceTree = "<group>"; };
		8AAC764921E3E2D000737D30 /* Info.plist */ = {isa = PBXFileReference; lastKnownFileType = text.plist.xml; path = Info.plist; sourceTree = "<group>"; };
		8AAC764E21E3E2D000737D30 /* StopwatchUITests.xctest */ = {isa = PBXFileReference; explicitFileType = wrapper.cfbundle; includeInIndex = 0; path = StopwatchUITests.xctest; sourceTree = BUILT_PRODUCTS_DIR; };
		8AAC765221E3E2D000737D30 /* StopwatchUITests.swift */ = {isa = PBXFileReference; lastKnownFileType = sourcecode.swift; path = StopwatchUITests.swift; sourceTree = "<group>"; };
		8AAC765421E3E2D000737D30 /* Info.plist */ = {isa = PBXFileReference; lastKnownFileType = text.plist.xml; path = Info.plist; sourceTree = "<group>"; };
		8AFD562C21E52E3700854FD2 /* StopwatchModel.swift */ = {isa = PBXFileReference; lastKnownFileType = sourcecode.swift; path = StopwatchModel.swift; sourceTree = "<group>"; };
/* End PBXFileReference section */

/* Begin PBXFrameworksBuildPhase section */
		8AAC762C21E3E2D000737D30 /* Frameworks */ = {
			isa = PBXFrameworksBuildPhase;
			buildActionMask = 2147483647;
			files = (
			);
			runOnlyForDeploymentPostprocessing = 0;
		};
		8AAC764021E3E2D000737D30 /* Frameworks */ = {
			isa = PBXFrameworksBuildPhase;
			buildActionMask = 2147483647;
			files = (
			);
			runOnlyForDeploymentPostprocessing = 0;
		};
		8AAC764B21E3E2D000737D30 /* Frameworks */ = {
			isa = PBXFrameworksBuildPhase;
			buildActionMask = 2147483647;
			files = (
			);
			runOnlyForDeploymentPostprocessing = 0;
		};
/* End PBXFrameworksBuildPhase section */

/* Begin PBXGroup section */
		8AAC762621E3E2D000737D30 = {
			isa = PBXGroup;
			children = (
				8AAC763121E3E2D000737D30 /* Stopwatch */,
				8AAC764621E3E2D000737D30 /* StopwatchTests */,
				8AAC765121E3E2D000737D30 /* StopwatchUITests */,
				8AAC763021E3E2D000737D30 /* Products */,
			);
			sourceTree = "<group>";
		};
		8AAC763021E3E2D000737D30 /* Products */ = {
			isa = PBXGroup;
			children = (
				8AAC762F21E3E2D000737D30 /* Stopwatch.app */,
				8AAC764321E3E2D000737D30 /* StopwatchTests.xctest */,
				8AAC764E21E3E2D000737D30 /* StopwatchUITests.xctest */,
			);
			name = Products;
			sourceTree = "<group>";
		};
		8AAC763121E3E2D000737D30 /* Stopwatch */ = {
			isa = PBXGroup;
			children = (
				8AAC763221E3E2D000737D30 /* AppDelegate.swift */,
				8AFD563021E52E6700854FD2 /* Views */,
				8AFD562F21E52E5C00854FD2 /* Controllers */,
				8AFD562E21E52E5600854FD2 /* Models */,
				8AAC763E21E3E2D000737D30 /* Info.plist */,
			);
			path = Stopwatch;
			sourceTree = "<group>";
		};
		8AAC764621E3E2D000737D30 /* StopwatchTests */ = {
			isa = PBXGroup;
			children = (
				8AAC764721E3E2D000737D30 /* StopwatchTests.swift */,
				8AAC764921E3E2D000737D30 /* Info.plist */,
			);
			path = StopwatchTests;
			sourceTree = "<group>";
		};
		8AAC765121E3E2D000737D30 /* StopwatchUITests */ = {
			isa = PBXGroup;
			children = (
				8AAC765221E3E2D000737D30 /* StopwatchUITests.swift */,
				8AAC765421E3E2D000737D30 /* Info.plist */,
			);
			path = StopwatchUITests;
			sourceTree = "<group>";
		};
		8AFD562E21E52E5600854FD2 /* Models */ = {
			isa = PBXGroup;
			children = (
				8AFD562C21E52E3700854FD2 /* StopwatchModel.swift */,
			);
			path = Models;
			sourceTree = "<group>";
		};
		8AFD562F21E52E5C00854FD2 /* Controllers */ = {
			isa = PBXGroup;
			children = (
				8AAC763421E3E2D000737D30 /* ViewController.swift */,
			);
			path = Controllers;
			sourceTree = "<group>";
		};
		8AFD563021E52E6700854FD2 /* Views */ = {
			isa = PBXGroup;
			children = (
				8AAC763921E3E2D000737D30 /* Assets.xcassets */,
				8AAC763B21E3E2D000737D30 /* LaunchScreen.storyboard */,
				8AAC763621E3E2D000737D30 /* Main.storyboard */,
			);
			path = Views;
			sourceTree = "<group>";
		};
/* End PBXGroup section */

/* Begin PBXNativeTarget section */
		8AAC762E21E3E2D000737D30 /* Stopwatch */ = {
			isa = PBXNativeTarget;
			buildConfigurationList = 8AAC765721E3E2D000737D30 /* Build configuration list for PBXNativeTarget "Stopwatch" */;
			buildPhases = (
				8AAC762B21E3E2D000737D30 /* Sources */,
				8AAC762C21E3E2D000737D30 /* Frameworks */,
				8AAC762D21E3E2D000737D30 /* Resources */,
			);
			buildRules = (
			);
			dependencies = (
			);
			name = Stopwatch;
			productName = Stopwatch;
			productReference = 8AAC762F21E3E2D000737D30 /* Stopwatch.app */;
			productType = "com.apple.product-type.application";
		};
		8AAC764221E3E2D000737D30 /* StopwatchTests */ = {
			isa = PBXNativeTarget;
			buildConfigurationList = 8AAC765A21E3E2D000737D30 /* Build configuration list for PBXNativeTarget "StopwatchTests" */;
			buildPhases = (
				8AAC763F21E3E2D000737D30 /* Sources */,
				8AAC764021E3E2D000737D30 /* Frameworks */,
				8AAC764121E3E2D000737D30 /* Resources */,
			);
			buildRules = (
			);
			dependencies = (
				8AAC764521E3E2D000737D30 /* PBXTargetDependency */,
			);
			name = StopwatchTests;
			productName = StopwatchTests;
			productReference = 8AAC764321E3E2D000737D30 /* StopwatchTests.xctest */;
			productType = "com.apple.product-type.bundle.unit-test";
		};
		8AAC764D21E3E2D000737D30 /* StopwatchUITests */ = {
			isa = PBXNativeTarget;
			buildConfigurationList = 8AAC765D21E3E2D000737D30 /* Build configuration list for PBXNativeTarget "StopwatchUITests" */;
			buildPhases = (
				8AAC764A21E3E2D000737D30 /* Sources */,
				8AAC764B21E3E2D000737D30 /* Frameworks */,
				8AAC764C21E3E2D000737D30 /* Resources */,
			);
			buildRules = (
			);
			dependencies = (
				8AAC765021E3E2D000737D30 /* PBXTargetDependency */,
			);
			name = StopwatchUITests;
			productName = StopwatchUITests;
			productReference = 8AAC764E21E3E2D000737D30 /* StopwatchUITests.xctest */;
			productType = "com.apple.product-type.bundle.ui-testing";
		};
/* End PBXNativeTarget section */

/* Begin PBXProject section */
		8AAC762721E3E2D000737D30 /* Project object */ = {
			isa = PBXProject;
			attributes = {
				LastSwiftUpdateCheck = 1010;
				LastUpgradeCheck = 1010;
				ORGANIZATIONNAME = "Captain Code";
				TargetAttributes = {
					8AAC762E21E3E2D000737D30 = {
						CreatedOnToolsVersion = 10.1;
					};
					8AAC764221E3E2D000737D30 = {
						CreatedOnToolsVersion = 10.1;
						TestTargetID = 8AAC762E21E3E2D000737D30;
					};
					8AAC764D21E3E2D000737D30 = {
						CreatedOnToolsVersion = 10.1;
						TestTargetID = 8AAC762E21E3E2D000737D30;
					};
				};
			};
			buildConfigurationList = 8AAC762A21E3E2D000737D30 /* Build configuration list for PBXProject "Stopwatch" */;
			compatibilityVersion = "Xcode 9.3";
			developmentRegion = en;
			hasScannedForEncodings = 0;
			knownRegions = (
				en,
				Base,
			);
			mainGroup = 8AAC762621E3E2D000737D30;
			productRefGroup = 8AAC763021E3E2D000737D30 /* Products */;
			projectDirPath = "";
			projectRoot = "";
			targets = (
				8AAC762E21E3E2D000737D30 /* Stopwatch */,
				8AAC764221E3E2D000737D30 /* StopwatchTests */,
				8AAC764D21E3E2D000737D30 /* StopwatchUITests */,
			);
		};
/* End PBXProject section */

/* Begin PBXResourcesBuildPhase section */
		8AAC762D21E3E2D000737D30 /* Resources */ = {
			isa = PBXResourcesBuildPhase;
			buildActionMask = 2147483647;
			files = (
				8AAC763D21E3E2D000737D30 /* LaunchScreen.storyboard in Resources */,
				8AAC763A21E3E2D000737D30 /* Assets.xcassets in Resources */,
				8AAC763821E3E2D000737D30 /* Main.storyboard in Resources */,
			);
			runOnlyForDeploymentPostprocessing = 0;
		};
		8AAC764121E3E2D000737D30 /* Resources */ = {
			isa = PBXResourcesBuildPhase;
			buildActionMask = 2147483647;
			files = (
			);
			runOnlyForDeploymentPostprocessing = 0;
		};
		8AAC764C21E3E2D000737D30 /* Resources */ = {
			isa = PBXResourcesBuildPhase;
			buildActionMask = 2147483647;
			files = (
			);
			runOnlyForDeploymentPostprocessing = 0;
		};
/* End PBXResourcesBuildPhase section */

/* Begin PBXSourcesBuildPhase section */
		8AAC762B21E3E2D000737D30 /* Sources */ = {
			isa = PBXSourcesBuildPhase;
			buildActionMask = 2147483647;
			files = (
				8AAC763521E3E2D000737D30 /* ViewController.swift in Sources */,
				8AAC763321E3E2D000737D30 /* AppDelegate.swift in Sources */,
				8AFD562D21E52E3700854FD2 /* StopwatchModel.swift in Sources */,
			);
			runOnlyForDeploymentPostprocessing = 0;
		};
		8AAC763F21E3E2D000737D30 /* Sources */ = {
			isa = PBXSourcesBuildPhase;
			buildActionMask = 2147483647;
			files = (
				8AAC764821E3E2D000737D30 /* StopwatchTests.swift in Sources */,
			);
			runOnlyForDeploymentPostprocessing = 0;
		};
		8AAC764A21E3E2D000737D30 /* Sources */ = {
			isa = PBXSourcesBuildPhase;
			buildActionMask = 2147483647;
			files = (
				8AAC765321E3E2D000737D30 /* StopwatchUITests.swift in Sources */,
			);
			runOnlyForDeploymentPostprocessing = 0;
		};
/* End PBXSourcesBuildPhase section */

/* Begin PBXTargetDependency section */
		8AAC764521E3E2D000737D30 /* PBXTargetDependency */ = {
			isa = PBXTargetDependency;
			target = 8AAC762E21E3E2D000737D30 /* Stopwatch */;
			targetProxy = 8AAC764421E3E2D000737D30 /* PBXContainerItemProxy */;
		};
		8AAC765021E3E2D000737D30 /* PBXTargetDependency */ = {
			isa = PBXTargetDependency;
			target = 8AAC762E21E3E2D000737D30 /* Stopwatch */;
			targetProxy = 8AAC764F21E3E2D000737D30 /* PBXContainerItemProxy */;
		};
/* End PBXTargetDependency section */

/* Begin PBXVariantGroup section */
		8AAC763621E3E2D000737D30 /* Main.storyboard */ = {
			isa = PBXVariantGroup;
			children = (
				8AAC763721E3E2D000737D30 /* Base */,
			);
			name = Main.storyboard;
			sourceTree = "<group>";
		};
		8AAC763B21E3E2D000737D30 /* LaunchScreen.storyboard */ = {
			isa = PBXVariantGroup;
			children = (
				8AAC763C21E3E2D000737D30 /* Base */,
			);
			name = LaunchScreen.storyboard;
			sourceTree = "<group>";
		};
/* End PBXVariantGroup section */

/* Begin XCBuildConfiguration section */
		8AAC765521E3E2D000737D30 /* Debug */ = {
			isa = XCBuildConfiguration;
			buildSettings = {
				ALWAYS_SEARCH_USER_PATHS = NO;
				CLANG_ANALYZER_NONNULL = YES;
				CLANG_ANALYZER_NUMBER_OBJECT_CONVERSION = YES_AGGRESSIVE;
				CLANG_CXX_LANGUAGE_STANDARD = "gnu++14";
				CLANG_CXX_LIBRARY = "libc++";
				CLANG_ENABLE_MODULES = YES;
				CLANG_ENABLE_OBJC_ARC = YES;
				CLANG_ENABLE_OBJC_WEAK = YES;
				CLANG_WARN_BLOCK_CAPTURE_AUTORELEASING = YES;
				CLANG_WARN_BOOL_CONVERSION = YES;
				CLANG_WARN_COMMA = YES;
				CLANG_WARN_CONSTANT_CONVERSION = YES;
				CLANG_WARN_DEPRECATED_OBJC_IMPLEMENTATIONS = YES;
				CLANG_WARN_DIRECT_OBJC_ISA_USAGE = YES_ERROR;
				CLANG_WARN_DOCUMENTATION_COMMENTS = YES;
				CLANG_WARN_EMPTY_BODY = YES;
				CLANG_WARN_ENUM_CONVERSION = YES;
				CLANG_WARN_INFINITE_RECURSION = YES;
				CLANG_WARN_INT_CONVERSION = YES;
				CLANG_WARN_NON_LITERAL_NULL_CONVERSION = YES;
				CLANG_WARN_OBJC_IMPLICIT_RETAIN_SELF = YES;
				CLANG_WARN_OBJC_LITERAL_CONVERSION = YES;
				CLANG_WARN_OBJC_ROOT_CLASS = YES_ERROR;
				CLANG_WARN_RANGE_LOOP_ANALYSIS = YES;
				CLANG_WARN_STRICT_PROTOTYPES = YES;
				CLANG_WARN_SUSPICIOUS_MOVE = YES;
				CLANG_WARN_UNGUARDED_AVAILABILITY = YES_AGGRESSIVE;
				CLANG_WARN_UNREACHABLE_CODE = YES;
				CLANG_WARN__DUPLICATE_METHOD_MATCH = YES;
				CODE_SIGN_IDENTITY = "iPhone Developer";
				COPY_PHASE_STRIP = NO;
				DEBUG_INFORMATION_FORMAT = dwarf;
				ENABLE_STRICT_OBJC_MSGSEND = YES;
				ENABLE_TESTABILITY = YES;
				GCC_C_LANGUAGE_STANDARD = gnu11;
				GCC_DYNAMIC_NO_PIC = NO;
				GCC_NO_COMMON_BLOCKS = YES;
				GCC_OPTIMIZATION_LEVEL = 0;
				GCC_PREPROCESSOR_DEFINITIONS = (
					"DEBUG=1",
					"$(inherited)",
				);
				GCC_WARN_64_TO_32_BIT_CONVERSION = YES;
				GCC_WARN_ABOUT_RETURN_TYPE = YES_ERROR;
				GCC_WARN_UNDECLARED_SELECTOR = YES;
				GCC_WARN_UNINITIALIZED_AUTOS = YES_AGGRESSIVE;
				GCC_WARN_UNUSED_FUNCTION = YES;
				GCC_WARN_UNUSED_VARIABLE = YES;
				IPHONEOS_DEPLOYMENT_TARGET = 12.1;
				MTL_ENABLE_DEBUG_INFO = INCLUDE_SOURCE;
				MTL_FAST_MATH = YES;
				ONLY_ACTIVE_ARCH = YES;
				SDKROOT = iphoneos;
				SWIFT_ACTIVE_COMPILATION_CONDITIONS = DEBUG;
				SWIFT_OPTIMIZATION_LEVEL = "-Onone";
			};
			name = Debug;
		};
		8AAC765621E3E2D000737D30 /* Release */ = {
			isa = XCBuildConfiguration;
			buildSettings = {
				ALWAYS_SEARCH_USER_PATHS = NO;
				CLANG_ANALYZER_NONNULL = YES;
				CLANG_ANALYZER_NUMBER_OBJECT_CONVERSION = YES_AGGRESSIVE;
				CLANG_CXX_LANGUAGE_STANDARD = "gnu++14";
				CLANG_CXX_LIBRARY = "libc++";
				CLANG_ENABLE_MODULES = YES;
				CLANG_ENABLE_OBJC_ARC = YES;
				CLANG_ENABLE_OBJC_WEAK = YES;
				CLANG_WARN_BLOCK_CAPTURE_AUTORELEASING = YES;
				CLANG_WARN_BOOL_CONVERSION = YES;
				CLANG_WARN_COMMA = YES;
				CLANG_WARN_CONSTANT_CONVERSION = YES;
				CLANG_WARN_DEPRECATED_OBJC_IMPLEMENTATIONS = YES;
				CLANG_WARN_DIRECT_OBJC_ISA_USAGE = YES_ERROR;
				CLANG_WARN_DOCUMENTATION_COMMENTS = YES;
				CLANG_WARN_EMPTY_BODY = YES;
				CLANG_WARN_ENUM_CONVERSION = YES;
				CLANG_WARN_INFINITE_RECURSION = YES;
				CLANG_WARN_INT_CONVERSION = YES;
				CLANG_WARN_NON_LITERAL_NULL_CONVERSION = YES;
				CLANG_WARN_OBJC_IMPLICIT_RETAIN_SELF = YES;
				CLANG_WARN_OBJC_LITERAL_CONVERSION = YES;
				CLANG_WARN_OBJC_ROOT_CLASS = YES_ERROR;
				CLANG_WARN_RANGE_LOOP_ANALYSIS = YES;
				CLANG_WARN_STRICT_PROTOTYPES = YES;
				CLANG_WARN_SUSPICIOUS_MOVE = YES;
				CLANG_WARN_UNGUARDED_AVAILABILITY = YES_AGGRESSIVE;
				CLANG_WARN_UNREACHABLE_CODE = YES;
				CLANG_WARN__DUPLICATE_METHOD_MATCH = YES;
				CODE_SIGN_IDENTITY = "iPhone Developer";
				COPY_PHASE_STRIP = NO;
				DEBUG_INFORMATION_FORMAT = "dwarf-with-dsym";
				ENABLE_NS_ASSERTIONS = NO;
				ENABLE_STRICT_OBJC_MSGSEND = YES;
				GCC_C_LANGUAGE_STANDARD = gnu11;
				GCC_NO_COMMON_BLOCKS = YES;
				GCC_WARN_64_TO_32_BIT_CONVERSION = YES;
				GCC_WARN_ABOUT_RETURN_TYPE = YES_ERROR;
				GCC_WARN_UNDECLARED_SELECTOR = YES;
				GCC_WARN_UNINITIALIZED_AUTOS = YES_AGGRESSIVE;
				GCC_WARN_UNUSED_FUNCTION = YES;
				GCC_WARN_UNUSED_VARIABLE = YES;
				IPHONEOS_DEPLOYMENT_TARGET = 12.1;
				MTL_ENABLE_DEBUG_INFO = NO;
				MTL_FAST_MATH = YES;
				SDKROOT = iphoneos;
				SWIFT_COMPILATION_MODE = wholemodule;
				SWIFT_OPTIMIZATION_LEVEL = "-O";
				VALIDATE_PRODUCT = YES;
			};
			name = Release;
		};
		8AAC765821E3E2D000737D30 /* Debug */ = {
			isa = XCBuildConfiguration;
			buildSettings = {
				ASSETCATALOG_COMPILER_APPICON_NAME = AppIcon;
				CODE_SIGN_STYLE = Automatic;
				DEVELOPMENT_TEAM = P9EUWQ8PR3;
				INFOPLIST_FILE = Stopwatch/Info.plist;
				LD_RUNPATH_SEARCH_PATHS = (
					"$(inherited)",
					"@executable_path/Frameworks",
				);
				PRODUCT_BUNDLE_IDENTIFIER = cc.captaincode.Stopwatch;
				PRODUCT_NAME = "$(TARGET_NAME)";
				SWIFT_VERSION = 4.2;
				TARGETED_DEVICE_FAMILY = "1,2";
			};
			name = Debug;
		};
		8AAC765921E3E2D000737D30 /* Release */ = {
			isa = XCBuildConfiguration;
			buildSettings = {
				ASSETCATALOG_COMPILER_APPICON_NAME = AppIcon;
				CODE_SIGN_STYLE = Automatic;
				DEVELOPMENT_TEAM = P9EUWQ8PR3;
				INFOPLIST_FILE = Stopwatch/Info.plist;
				LD_RUNPATH_SEARCH_PATHS = (
					"$(inherited)",
					"@executable_path/Frameworks",
				);
				PRODUCT_BUNDLE_IDENTIFIER = cc.captaincode.Stopwatch;
				PRODUCT_NAME = "$(TARGET_NAME)";
				SWIFT_VERSION = 4.2;
				TARGETED_DEVICE_FAMILY = "1,2";
			};
			name = Release;
		};
		8AAC765B21E3E2D000737D30 /* Debug */ = {
			isa = XCBuildConfiguration;
			buildSettings = {
				ALWAYS_EMBED_SWIFT_STANDARD_LIBRARIES = YES;
				BUNDLE_LOADER = "$(TEST_HOST)";
				CODE_SIGN_STYLE = Automatic;
				DEVELOPMENT_TEAM = P9EUWQ8PR3;
				INFOPLIST_FILE = StopwatchTests/Info.plist;
				LD_RUNPATH_SEARCH_PATHS = (
					"$(inherited)",
					"@executable_path/Frameworks",
					"@loader_path/Frameworks",
				);
				PRODUCT_BUNDLE_IDENTIFIER = cc.captaincode.StopwatchTests;
				PRODUCT_NAME = "$(TARGET_NAME)";
				SWIFT_VERSION = 4.2;
				TARGETED_DEVICE_FAMILY = "1,2";
				TEST_HOST = "$(BUILT_PRODUCTS_DIR)/Stopwatch.app/Stopwatch";
			};
			name = Debug;
		};
		8AAC765C21E3E2D000737D30 /* Release */ = {
			isa = XCBuildConfiguration;
			buildSettings = {
				ALWAYS_EMBED_SWIFT_STANDARD_LIBRARIES = YES;
				BUNDLE_LOADER = "$(TEST_HOST)";
				CODE_SIGN_STYLE = Automatic;
				DEVELOPMENT_TEAM = P9EUWQ8PR3;
				INFOPLIST_FILE = StopwatchTests/Info.plist;
				LD_RUNPATH_SEARCH_PATHS = (
					"$(inherited)",
					"@executable_path/Frameworks",
					"@loader_path/Frameworks",
				);
				PRODUCT_BUNDLE_IDENTIFIER = cc.captaincode.StopwatchTests;
				PRODUCT_NAME = "$(TARGET_NAME)";
				SWIFT_VERSION = 4.2;
				TARGETED_DEVICE_FAMILY = "1,2";
				TEST_HOST = "$(BUILT_PRODUCTS_DIR)/Stopwatch.app/Stopwatch";
			};
			name = Release;
		};
		8AAC765E21E3E2D000737D30 /* Debug */ = {
			isa = XCBuildConfiguration;
			buildSettings = {
				ALWAYS_EMBED_SWIFT_STANDARD_LIBRARIES = YES;
				CODE_SIGN_STYLE = Automatic;
				DEVELOPMENT_TEAM = P9EUWQ8PR3;
				INFOPLIST_FILE = StopwatchUITests/Info.plist;
				LD_RUNPATH_SEARCH_PATHS = (
					"$(inherited)",
					"@executable_path/Frameworks",
					"@loader_path/Frameworks",
				);
				PRODUCT_BUNDLE_IDENTIFIER = cc.captaincode.StopwatchUITests;
				PRODUCT_NAME = "$(TARGET_NAME)";
				SWIFT_VERSION = 4.2;
				TARGETED_DEVICE_FAMILY = "1,2";
				TEST_TARGET_NAME = Stopwatch;
			};
			name = Debug;
		};
		8AAC765F21E3E2D000737D30 /* Release */ = {
			isa = XCBuildConfiguration;
			buildSettings = {
				ALWAYS_EMBED_SWIFT_STANDARD_LIBRARIES = YES;
				CODE_SIGN_STYLE = Automatic;
				DEVELOPMENT_TEAM = P9EUWQ8PR3;
				INFOPLIST_FILE = StopwatchUITests/Info.plist;
				LD_RUNPATH_SEARCH_PATHS = (
					"$(inherited)",
					"@executable_path/Frameworks",
					"@loader_path/Frameworks",
				);
				PRODUCT_BUNDLE_IDENTIFIER = cc.captaincode.StopwatchUITests;
				PRODUCT_NAME = "$(TARGET_NAME)";
				SWIFT_VERSION = 4.2;
				TARGETED_DEVICE_FAMILY = "1,2";
				TEST_TARGET_NAME = Stopwatch;
			};
			name = Release;
		};
/* End XCBuildConfiguration section */

/* Begin XCConfigurationList section */
		8AAC762A21E3E2D000737D30 /* Build configuration list for PBXProject "Stopwatch" */ = {
			isa = XCConfigurationList;
			buildConfigurations = (
				8AAC765521E3E2D000737D30 /* Debug */,
				8AAC765621E3E2D000737D30 /* Release */,
			);
			defaultConfigurationIsVisible = 0;
			defaultConfigurationName = Release;
		};
		8AAC765721E3E2D000737D30 /* Build configuration list for PBXNativeTarget "Stopwatch" */ = {
			isa = XCConfigurationList;
			buildConfigurations = (
				8AAC765821E3E2D000737D30 /* Debug */,
				8AAC765921E3E2D000737D30 /* Release */,
			);
			defaultConfigurationIsVisible = 0;
			defaultConfigurationName = Release;
		};
		8AAC765A21E3E2D000737D30 /* Build configuration list for PBXNativeTarget "StopwatchTests" */ = {
			isa = XCConfigurationList;
			buildConfigurations = (
				8AAC765B21E3E2D000737D30 /* Debug */,
				8AAC765C21E3E2D000737D30 /* Release */,
			);
			defaultConfigurationIsVisible = 0;
			defaultConfigurationName = Release;
		};
		8AAC765D21E3E2D000737D30 /* Build configuration list for PBXNativeTarget "StopwatchUITests" */ = {
			isa = XCConfigurationList;
			buildConfigurations = (
				8AAC765E21E3E2D000737D30 /* Debug */,
				8AAC765F21E3E2D000737D30 /* Release */,
			);
			defaultConfigurationIsVisible = 0;
			defaultConfigurationName = Release;
		};
/* End XCConfigurationList section */
	};
	rootObject = 8AAC762721E3E2D000737D30 /* Project object */;
}
